
Microsoft Visual Studio Solution File, Format Version 12.00
# Visual Studio 15
VisualStudioVersion = 15.0.28010.2003
MinimumVisualStudioVersion = 10.0.40219.1
Project("{9A19103F-16F7-4668-BE54-9A1E7A4F7556}") = "PaymentGateway.Api", "PaymentGatewayApi\PaymentGateway.Api.csproj", "{8F83451F-9A45-400D-BC98-A89FE3A80BE0}"
EndProject
Project("{9A19103F-16F7-4668-BE54-9A1E7A4F7556}") = "PaymentGatewayApi.Tests", "PaymentGatewayApi.Tests\PaymentGatewayApi.Tests.csproj", "{2D845CF5-A131-4A53-BF63-C6F469E68445}"
EndProject
Project("{FAE04EC0-301F-11D3-BF4B-00C04F79EFBC}") = "PaymentGateway.Bll", "PaymentGateway.Bll\PaymentGateway.Bll.csproj", "{879B2111-CEC6-4295-9ED2-B85B948E5566}"
EndProject
Project("{FAE04EC0-301F-11D3-BF4B-00C04F79EFBC}") = "PaymentGateway.Interfaces", "PaymentGateway.Interfaces\PaymentGateway.Interfaces.csproj", "{BB77C80E-6041-4C27-8AF5-38DF39142624}"
EndProject
Project("{FAE04EC0-301F-11D3-BF4B-00C04F79EFBC}") = "PaymentGateway.Services", "PaymentGateway.Services\PaymentGateway.Services.csproj", "{FF0F70FF-2D14-4976-BED8-97F0406386E5}"
EndProject
Project("{FAE04EC0-301F-11D3-BF4B-00C04F79EFBC}") = "StonePaymentGateway", "Stone\StonePaymentGateway.csproj", "{01BEA37C-0CBB-4DA2-A68B-BE5DDEB9F2CE}"
EndProject
Project("{FAE04EC0-301F-11D3-BF4B-00C04F79EFBC}") = "PaymentGateway.Mocks", "PaymentGateway.Mocks\PaymentGateway.Mocks.csproj", "{54206EE2-214D-4388-A02C-30896EBABB89}"
EndProject
Project("{FAE04EC0-301F-11D3-BF4B-00C04F79EFBC}") = "PaymentGateway.DataContracts", "PaymentGateway.DataContracts\PaymentGateway.DataContracts.csproj", "{6ECEA591-4CA3-4D8F-94FE-FB39B77A2F21}"
EndProject
Project("{FAE04EC0-301F-11D3-BF4B-00C04F79EFBC}") = "Cielo", "Cielo\Cielo\Cielo.csproj", "{69CC7192-A7E2-4990-9C99-430B4E822DA0}"
EndProject
Project("{FAE04EC0-301F-11D3-BF4B-00C04F79EFBC}") = "TesteUnidadeCielo", "Cielo\TesteUnidadeCielo\TesteUnidadeCielo.csproj", "{B5E1A863-2602-4568-B5D5-74ECE7CF5955}"
EndProject
Project("{FAE04EC0-301F-11D3-BF4B-00C04F79EFBC}") = "PaymentGateway.Dal", "PaymentGateway.Dal\PaymentGateway.Dal.csproj", "{45401A6E-C1B0-4304-8F00-344FB290E26A}"
EndProject
Project("{FAE04EC0-301F-11D3-BF4B-00C04F79EFBC}") = "PaymentGateway.Unity", "PaymentGateway.Unity\PaymentGateway.Unity.csproj", "{0CB2A875-CECF-4E76-8B42-D994B329B1B2}"
EndProject
Project("{FAE04EC0-301F-11D3-BF4B-00C04F79EFBC}") = "PaymentGateway.CustomExceptions", "PaymentGateway.CustomExceptions\PaymentGateway.CustomExceptions.csproj", "{EA09B785-E058-45FF-A4FC-17015FF14591}"
EndProject
Global
	GlobalSection(SolutionConfigurationPlatforms) = preSolution
		Connectria|Any CPU = Connectria|Any CPU
		Connectria|x86 = Connectria|x86
		Debug|Any CPU = Debug|Any CPU
		Debug|x86 = Debug|x86
		Release|Any CPU = Release|Any CPU
		Release|x86 = Release|x86
		Sandbox|Any CPU = Sandbox|Any CPU
		Sandbox|x86 = Sandbox|x86
		Staging|Any CPU = Staging|Any CPU
		Staging|x86 = Staging|x86
	EndGlobalSection
	GlobalSection(ProjectConfigurationPlatforms) = postSolution
		{8F83451F-9A45-400D-BC98-A89FE3A80BE0}.Connectria|Any CPU.ActiveCfg = Debug|Any CPU
		{8F83451F-9A45-400D-BC98-A89FE3A80BE0}.Connectria|Any CPU.Build.0 = Debug|Any CPU
		{8F83451F-9A45-400D-BC98-A89FE3A80BE0}.Connectria|x86.ActiveCfg = Release|Any CPU
		{8F83451F-9A45-400D-BC98-A89FE3A80BE0}.Connectria|x86.Build.0 = Release|Any CPU
		{8F83451F-9A45-400D-BC98-A89FE3A80BE0}.Debug|Any CPU.ActiveCfg = Debug|Any CPU
		{8F83451F-9A45-400D-BC98-A89FE3A80BE0}.Debug|Any CPU.Build.0 = Debug|Any CPU
		{8F83451F-9A45-400D-BC98-A89FE3A80BE0}.Debug|x86.ActiveCfg = Debug|Any CPU
		{8F83451F-9A45-400D-BC98-A89FE3A80BE0}.Debug|x86.Build.0 = Debug|Any CPU
		{8F83451F-9A45-400D-BC98-A89FE3A80BE0}.Release|Any CPU.ActiveCfg = Release|Any CPU
		{8F83451F-9A45-400D-BC98-A89FE3A80BE0}.Release|Any CPU.Build.0 = Release|Any CPU
		{8F83451F-9A45-400D-BC98-A89FE3A80BE0}.Release|x86.ActiveCfg = Release|Any CPU
		{8F83451F-9A45-400D-BC98-A89FE3A80BE0}.Release|x86.Build.0 = Release|Any CPU
		{8F83451F-9A45-400D-BC98-A89FE3A80BE0}.Sandbox|Any CPU.ActiveCfg = Debug|Any CPU
		{8F83451F-9A45-400D-BC98-A89FE3A80BE0}.Sandbox|Any CPU.Build.0 = Debug|Any CPU
		{8F83451F-9A45-400D-BC98-A89FE3A80BE0}.Sandbox|x86.ActiveCfg = Release|Any CPU
		{8F83451F-9A45-400D-BC98-A89FE3A80BE0}.Sandbox|x86.Build.0 = Release|Any CPU
		{8F83451F-9A45-400D-BC98-A89FE3A80BE0}.Staging|Any CPU.ActiveCfg = Debug|Any CPU
		{8F83451F-9A45-400D-BC98-A89FE3A80BE0}.Staging|Any CPU.Build.0 = Debug|Any CPU
		{8F83451F-9A45-400D-BC98-A89FE3A80BE0}.Staging|x86.ActiveCfg = Release|Any CPU
		{8F83451F-9A45-400D-BC98-A89FE3A80BE0}.Staging|x86.Build.0 = Release|Any CPU
		{2D845CF5-A131-4A53-BF63-C6F469E68445}.Connectria|Any CPU.ActiveCfg = Debug|Any CPU
		{2D845CF5-A131-4A53-BF63-C6F469E68445}.Connectria|Any CPU.Build.0 = Debug|Any CPU
		{2D845CF5-A131-4A53-BF63-C6F469E68445}.Connectria|x86.ActiveCfg = Release|Any CPU
		{2D845CF5-A131-4A53-BF63-C6F469E68445}.Connectria|x86.Build.0 = Release|Any CPU
		{2D845CF5-A131-4A53-BF63-C6F469E68445}.Debug|Any CPU.ActiveCfg = Debug|Any CPU
		{2D845CF5-A131-4A53-BF63-C6F469E68445}.Debug|Any CPU.Build.0 = Debug|Any CPU
		{2D845CF5-A131-4A53-BF63-C6F469E68445}.Debug|x86.ActiveCfg = Debug|Any CPU
		{2D845CF5-A131-4A53-BF63-C6F469E68445}.Debug|x86.Build.0 = Debug|Any CPU
		{2D845CF5-A131-4A53-BF63-C6F469E68445}.Release|Any CPU.ActiveCfg = Release|Any CPU
		{2D845CF5-A131-4A53-BF63-C6F469E68445}.Release|Any CPU.Build.0 = Release|Any CPU
		{2D845CF5-A131-4A53-BF63-C6F469E68445}.Release|x86.ActiveCfg = Release|Any CPU
		{2D845CF5-A131-4A53-BF63-C6F469E68445}.Release|x86.Build.0 = Release|Any CPU
		{2D845CF5-A131-4A53-BF63-C6F469E68445}.Sandbox|Any CPU.ActiveCfg = Debug|Any CPU
		{2D845CF5-A131-4A53-BF63-C6F469E68445}.Sandbox|Any CPU.Build.0 = Debug|Any CPU
		{2D845CF5-A131-4A53-BF63-C6F469E68445}.Sandbox|x86.ActiveCfg = Release|Any CPU
		{2D845CF5-A131-4A53-BF63-C6F469E68445}.Sandbox|x86.Build.0 = Release|Any CPU
		{2D845CF5-A131-4A53-BF63-C6F469E68445}.Staging|Any CPU.ActiveCfg = Debug|Any CPU
		{2D845CF5-A131-4A53-BF63-C6F469E68445}.Staging|Any CPU.Build.0 = Debug|Any CPU
		{2D845CF5-A131-4A53-BF63-C6F469E68445}.Staging|x86.ActiveCfg = Release|Any CPU
		{2D845CF5-A131-4A53-BF63-C6F469E68445}.Staging|x86.Build.0 = Release|Any CPU
		{879B2111-CEC6-4295-9ED2-B85B948E5566}.Connectria|Any CPU.ActiveCfg = Release|Any CPU
		{879B2111-CEC6-4295-9ED2-B85B948E5566}.Connectria|Any CPU.Build.0 = Release|Any CPU
		{879B2111-CEC6-4295-9ED2-B85B948E5566}.Connectria|x86.ActiveCfg = Release|Any CPU
		{879B2111-CEC6-4295-9ED2-B85B948E5566}.Connectria|x86.Build.0 = Release|Any CPU
		{879B2111-CEC6-4295-9ED2-B85B948E5566}.Debug|Any CPU.ActiveCfg = Debug|Any CPU
		{879B2111-CEC6-4295-9ED2-B85B948E5566}.Debug|Any CPU.Build.0 = Debug|Any CPU
		{879B2111-CEC6-4295-9ED2-B85B948E5566}.Debug|x86.ActiveCfg = Debug|Any CPU
		{879B2111-CEC6-4295-9ED2-B85B948E5566}.Debug|x86.Build.0 = Debug|Any CPU
		{879B2111-CEC6-4295-9ED2-B85B948E5566}.Release|Any CPU.ActiveCfg = Release|Any CPU
		{879B2111-CEC6-4295-9ED2-B85B948E5566}.Release|Any CPU.Build.0 = Release|Any CPU
		{879B2111-CEC6-4295-9ED2-B85B948E5566}.Release|x86.ActiveCfg = Release|Any CPU
		{879B2111-CEC6-4295-9ED2-B85B948E5566}.Release|x86.Build.0 = Release|Any CPU
		{879B2111-CEC6-4295-9ED2-B85B948E5566}.Sandbox|Any CPU.ActiveCfg = Release|Any CPU
		{879B2111-CEC6-4295-9ED2-B85B948E5566}.Sandbox|Any CPU.Build.0 = Release|Any CPU
		{879B2111-CEC6-4295-9ED2-B85B948E5566}.Sandbox|x86.ActiveCfg = Release|Any CPU
		{879B2111-CEC6-4295-9ED2-B85B948E5566}.Sandbox|x86.Build.0 = Release|Any CPU
		{879B2111-CEC6-4295-9ED2-B85B948E5566}.Staging|Any CPU.ActiveCfg = Release|Any CPU
		{879B2111-CEC6-4295-9ED2-B85B948E5566}.Staging|Any CPU.Build.0 = Release|Any CPU
		{879B2111-CEC6-4295-9ED2-B85B948E5566}.Staging|x86.ActiveCfg = Release|Any CPU
		{879B2111-CEC6-4295-9ED2-B85B948E5566}.Staging|x86.Build.0 = Release|Any CPU
		{BB77C80E-6041-4C27-8AF5-38DF39142624}.Connectria|Any CPU.ActiveCfg = Release|Any CPU
		{BB77C80E-6041-4C27-8AF5-38DF39142624}.Connectria|Any CPU.Build.0 = Release|Any CPU
		{BB77C80E-6041-4C27-8AF5-38DF39142624}.Connectria|x86.ActiveCfg = Release|Any CPU
		{BB77C80E-6041-4C27-8AF5-38DF39142624}.Connectria|x86.Build.0 = Release|Any CPU
		{BB77C80E-6041-4C27-8AF5-38DF39142624}.Debug|Any CPU.ActiveCfg = Debug|Any CPU
		{BB77C80E-6041-4C27-8AF5-38DF39142624}.Debug|Any CPU.Build.0 = Debug|Any CPU
		{BB77C80E-6041-4C27-8AF5-38DF39142624}.Debug|x86.ActiveCfg = Debug|Any CPU
		{BB77C80E-6041-4C27-8AF5-38DF39142624}.Debug|x86.Build.0 = Debug|Any CPU
		{BB77C80E-6041-4C27-8AF5-38DF39142624}.Release|Any CPU.ActiveCfg = Release|Any CPU
		{BB77C80E-6041-4C27-8AF5-38DF39142624}.Release|Any CPU.Build.0 = Release|Any CPU
		{BB77C80E-6041-4C27-8AF5-38DF39142624}.Release|x86.ActiveCfg = Release|Any CPU
		{BB77C80E-6041-4C27-8AF5-38DF39142624}.Release|x86.Build.0 = Release|Any CPU
		{BB77C80E-6041-4C27-8AF5-38DF39142624}.Sandbox|Any CPU.ActiveCfg = Release|Any CPU
		{BB77C80E-6041-4C27-8AF5-38DF39142624}.Sandbox|Any CPU.Build.0 = Release|Any CPU
		{BB77C80E-6041-4C27-8AF5-38DF39142624}.Sandbox|x86.ActiveCfg = Release|Any CPU
		{BB77C80E-6041-4C27-8AF5-38DF39142624}.Sandbox|x86.Build.0 = Release|Any CPU
		{BB77C80E-6041-4C27-8AF5-38DF39142624}.Staging|Any CPU.ActiveCfg = Release|Any CPU
		{BB77C80E-6041-4C27-8AF5-38DF39142624}.Staging|Any CPU.Build.0 = Release|Any CPU
		{BB77C80E-6041-4C27-8AF5-38DF39142624}.Staging|x86.ActiveCfg = Release|Any CPU
		{BB77C80E-6041-4C27-8AF5-38DF39142624}.Staging|x86.Build.0 = Release|Any CPU
		{FF0F70FF-2D14-4976-BED8-97F0406386E5}.Connectria|Any CPU.ActiveCfg = Release|Any CPU
		{FF0F70FF-2D14-4976-BED8-97F0406386E5}.Connectria|Any CPU.Build.0 = Release|Any CPU
		{FF0F70FF-2D14-4976-BED8-97F0406386E5}.Connectria|x86.ActiveCfg = Release|Any CPU
		{FF0F70FF-2D14-4976-BED8-97F0406386E5}.Connectria|x86.Build.0 = Release|Any CPU
		{FF0F70FF-2D14-4976-BED8-97F0406386E5}.Debug|Any CPU.ActiveCfg = Debug|Any CPU
		{FF0F70FF-2D14-4976-BED8-97F0406386E5}.Debug|Any CPU.Build.0 = Debug|Any CPU
		{FF0F70FF-2D14-4976-BED8-97F0406386E5}.Debug|x86.ActiveCfg = Debug|Any CPU
		{FF0F70FF-2D14-4976-BED8-97F0406386E5}.Debug|x86.Build.0 = Debug|Any CPU
		{FF0F70FF-2D14-4976-BED8-97F0406386E5}.Release|Any CPU.ActiveCfg = Release|Any CPU
		{FF0F70FF-2D14-4976-BED8-97F0406386E5}.Release|Any CPU.Build.0 = Release|Any CPU
		{FF0F70FF-2D14-4976-BED8-97F0406386E5}.Release|x86.ActiveCfg = Release|Any CPU
		{FF0F70FF-2D14-4976-BED8-97F0406386E5}.Release|x86.Build.0 = Release|Any CPU
		{FF0F70FF-2D14-4976-BED8-97F0406386E5}.Sandbox|Any CPU.ActiveCfg = Release|Any CPU
		{FF0F70FF-2D14-4976-BED8-97F0406386E5}.Sandbox|Any CPU.Build.0 = Release|Any CPU
		{FF0F70FF-2D14-4976-BED8-97F0406386E5}.Sandbox|x86.ActiveCfg = Release|Any CPU
		{FF0F70FF-2D14-4976-BED8-97F0406386E5}.Sandbox|x86.Build.0 = Release|Any CPU
		{FF0F70FF-2D14-4976-BED8-97F0406386E5}.Staging|Any CPU.ActiveCfg = Release|Any CPU
		{FF0F70FF-2D14-4976-BED8-97F0406386E5}.Staging|Any CPU.Build.0 = Release|Any CPU
		{FF0F70FF-2D14-4976-BED8-97F0406386E5}.Staging|x86.ActiveCfg = Release|Any CPU
		{FF0F70FF-2D14-4976-BED8-97F0406386E5}.Staging|x86.Build.0 = Release|Any CPU
		{01BEA37C-0CBB-4DA2-A68B-BE5DDEB9F2CE}.Connectria|Any CPU.ActiveCfg = Connectria|Any CPU
		{01BEA37C-0CBB-4DA2-A68B-BE5DDEB9F2CE}.Connectria|Any CPU.Build.0 = Connectria|Any CPU
		{01BEA37C-0CBB-4DA2-A68B-BE5DDEB9F2CE}.Connectria|x86.ActiveCfg = Connectria|Any CPU
		{01BEA37C-0CBB-4DA2-A68B-BE5DDEB9F2CE}.Connectria|x86.Build.0 = Connectria|Any CPU
		{01BEA37C-0CBB-4DA2-A68B-BE5DDEB9F2CE}.Debug|Any CPU.ActiveCfg = Debug|Any CPU
		{01BEA37C-0CBB-4DA2-A68B-BE5DDEB9F2CE}.Debug|Any CPU.Build.0 = Debug|Any CPU
		{01BEA37C-0CBB-4DA2-A68B-BE5DDEB9F2CE}.Debug|x86.ActiveCfg = Debug|Any CPU
		{01BEA37C-0CBB-4DA2-A68B-BE5DDEB9F2CE}.Debug|x86.Build.0 = Debug|Any CPU
		{01BEA37C-0CBB-4DA2-A68B-BE5DDEB9F2CE}.Release|Any CPU.ActiveCfg = Release|Any CPU
		{01BEA37C-0CBB-4DA2-A68B-BE5DDEB9F2CE}.Release|Any CPU.Build.0 = Release|Any CPU
		{01BEA37C-0CBB-4DA2-A68B-BE5DDEB9F2CE}.Release|x86.ActiveCfg = Release|Any CPU
		{01BEA37C-0CBB-4DA2-A68B-BE5DDEB9F2CE}.Release|x86.Build.0 = Release|Any CPU
		{01BEA37C-0CBB-4DA2-A68B-BE5DDEB9F2CE}.Sandbox|Any CPU.ActiveCfg = Sandbox|Any CPU
		{01BEA37C-0CBB-4DA2-A68B-BE5DDEB9F2CE}.Sandbox|Any CPU.Build.0 = Sandbox|Any CPU
		{01BEA37C-0CBB-4DA2-A68B-BE5DDEB9F2CE}.Sandbox|x86.ActiveCfg = Sandbox|Any CPU
		{01BEA37C-0CBB-4DA2-A68B-BE5DDEB9F2CE}.Sandbox|x86.Build.0 = Sandbox|Any CPU
		{01BEA37C-0CBB-4DA2-A68B-BE5DDEB9F2CE}.Staging|Any CPU.ActiveCfg = Staging|Any CPU
		{01BEA37C-0CBB-4DA2-A68B-BE5DDEB9F2CE}.Staging|Any CPU.Build.0 = Staging|Any CPU
		{01BEA37C-0CBB-4DA2-A68B-BE5DDEB9F2CE}.Staging|x86.ActiveCfg = Staging|Any CPU
		{01BEA37C-0CBB-4DA2-A68B-BE5DDEB9F2CE}.Staging|x86.Build.0 = Staging|Any CPU
		{54206EE2-214D-4388-A02C-30896EBABB89}.Connectria|Any CPU.ActiveCfg = Release|Any CPU
		{54206EE2-214D-4388-A02C-30896EBABB89}.Connectria|Any CPU.Build.0 = Release|Any CPU
		{54206EE2-214D-4388-A02C-30896EBABB89}.Connectria|x86.ActiveCfg = Release|Any CPU
		{54206EE2-214D-4388-A02C-30896EBABB89}.Connectria|x86.Build.0 = Release|Any CPU
		{54206EE2-214D-4388-A02C-30896EBABB89}.Debug|Any CPU.ActiveCfg = Debug|Any CPU
		{54206EE2-214D-4388-A02C-30896EBABB89}.Debug|Any CPU.Build.0 = Debug|Any CPU
		{54206EE2-214D-4388-A02C-30896EBABB89}.Debug|x86.ActiveCfg = Debug|Any CPU
		{54206EE2-214D-4388-A02C-30896EBABB89}.Debug|x86.Build.0 = Debug|Any CPU
		{54206EE2-214D-4388-A02C-30896EBABB89}.Release|Any CPU.ActiveCfg = Release|Any CPU
		{54206EE2-214D-4388-A02C-30896EBABB89}.Release|Any CPU.Build.0 = Release|Any CPU
		{54206EE2-214D-4388-A02C-30896EBABB89}.Release|x86.ActiveCfg = Release|Any CPU
		{54206EE2-214D-4388-A02C-30896EBABB89}.Release|x86.Build.0 = Release|Any CPU
		{54206EE2-214D-4388-A02C-30896EBABB89}.Sandbox|Any CPU.ActiveCfg = Release|Any CPU
		{54206EE2-214D-4388-A02C-30896EBABB89}.Sandbox|Any CPU.Build.0 = Release|Any CPU
		{54206EE2-214D-4388-A02C-30896EBABB89}.Sandbox|x86.ActiveCfg = Release|Any CPU
		{54206EE2-214D-4388-A02C-30896EBABB89}.Sandbox|x86.Build.0 = Release|Any CPU
		{54206EE2-214D-4388-A02C-30896EBABB89}.Staging|Any CPU.ActiveCfg = Release|Any CPU
		{54206EE2-214D-4388-A02C-30896EBABB89}.Staging|Any CPU.Build.0 = Release|Any CPU
		{54206EE2-214D-4388-A02C-30896EBABB89}.Staging|x86.ActiveCfg = Release|Any CPU
		{54206EE2-214D-4388-A02C-30896EBABB89}.Staging|x86.Build.0 = Release|Any CPU
		{6ECEA591-4CA3-4D8F-94FE-FB39B77A2F21}.Connectria|Any CPU.ActiveCfg = Release|Any CPU
		{6ECEA591-4CA3-4D8F-94FE-FB39B77A2F21}.Connectria|Any CPU.Build.0 = Release|Any CPU
		{6ECEA591-4CA3-4D8F-94FE-FB39B77A2F21}.Connectria|x86.ActiveCfg = Release|Any CPU
		{6ECEA591-4CA3-4D8F-94FE-FB39B77A2F21}.Connectria|x86.Build.0 = Release|Any CPU
		{6ECEA591-4CA3-4D8F-94FE-FB39B77A2F21}.Debug|Any CPU.ActiveCfg = Debug|Any CPU
		{6ECEA591-4CA3-4D8F-94FE-FB39B77A2F21}.Debug|Any CPU.Build.0 = Debug|Any CPU
		{6ECEA591-4CA3-4D8F-94FE-FB39B77A2F21}.Debug|x86.ActiveCfg = Debug|Any CPU
		{6ECEA591-4CA3-4D8F-94FE-FB39B77A2F21}.Debug|x86.Build.0 = Debug|Any CPU
		{6ECEA591-4CA3-4D8F-94FE-FB39B77A2F21}.Release|Any CPU.ActiveCfg = Release|Any CPU
		{6ECEA591-4CA3-4D8F-94FE-FB39B77A2F21}.Release|Any CPU.Build.0 = Release|Any CPU
		{6ECEA591-4CA3-4D8F-94FE-FB39B77A2F21}.Release|x86.ActiveCfg = Release|Any CPU
		{6ECEA591-4CA3-4D8F-94FE-FB39B77A2F21}.Release|x86.Build.0 = Release|Any CPU
		{6ECEA591-4CA3-4D8F-94FE-FB39B77A2F21}.Sandbox|Any CPU.ActiveCfg = Release|Any CPU
		{6ECEA591-4CA3-4D8F-94FE-FB39B77A2F21}.Sandbox|Any CPU.Build.0 = Release|Any CPU
		{6ECEA591-4CA3-4D8F-94FE-FB39B77A2F21}.Sandbox|x86.ActiveCfg = Release|Any CPU
		{6ECEA591-4CA3-4D8F-94FE-FB39B77A2F21}.Sandbox|x86.Build.0 = Release|Any CPU
		{6ECEA591-4CA3-4D8F-94FE-FB39B77A2F21}.Staging|Any CPU.ActiveCfg = Release|Any CPU
		{6ECEA591-4CA3-4D8F-94FE-FB39B77A2F21}.Staging|Any CPU.Build.0 = Release|Any CPU
		{6ECEA591-4CA3-4D8F-94FE-FB39B77A2F21}.Staging|x86.ActiveCfg = Release|Any CPU
		{6ECEA591-4CA3-4D8F-94FE-FB39B77A2F21}.Staging|x86.Build.0 = Release|Any CPU
		{69CC7192-A7E2-4990-9C99-430B4E822DA0}.Connectria|Any CPU.ActiveCfg = Release|x86
		{69CC7192-A7E2-4990-9C99-430B4E822DA0}.Connectria|Any CPU.Build.0 = Release|x86
		{69CC7192-A7E2-4990-9C99-430B4E822DA0}.Connectria|x86.ActiveCfg = Release|x86
		{69CC7192-A7E2-4990-9C99-430B4E822DA0}.Connectria|x86.Build.0 = Release|x86
		{69CC7192-A7E2-4990-9C99-430B4E822DA0}.Debug|Any CPU.ActiveCfg = Debug|x86
		{69CC7192-A7E2-4990-9C99-430B4E822DA0}.Debug|x86.ActiveCfg = Debug|x86
		{69CC7192-A7E2-4990-9C99-430B4E822DA0}.Debug|x86.Build.0 = Debug|x86
		{69CC7192-A7E2-4990-9C99-430B4E822DA0}.Release|Any CPU.ActiveCfg = Release|x86
		{69CC7192-A7E2-4990-9C99-430B4E822DA0}.Release|x86.ActiveCfg = Release|x86
		{69CC7192-A7E2-4990-9C99-430B4E822DA0}.Release|x86.Build.0 = Release|x86
		{69CC7192-A7E2-4990-9C99-430B4E822DA0}.Sandbox|Any CPU.ActiveCfg = Release|x86
		{69CC7192-A7E2-4990-9C99-430B4E822DA0}.Sandbox|Any CPU.Build.0 = Release|x86
		{69CC7192-A7E2-4990-9C99-430B4E822DA0}.Sandbox|x86.ActiveCfg = Release|x86
		{69CC7192-A7E2-4990-9C99-430B4E822DA0}.Sandbox|x86.Build.0 = Release|x86
		{69CC7192-A7E2-4990-9C99-430B4E822DA0}.Staging|Any CPU.ActiveCfg = Release|x86
		{69CC7192-A7E2-4990-9C99-430B4E822DA0}.Staging|Any CPU.Build.0 = Release|x86
		{69CC7192-A7E2-4990-9C99-430B4E822DA0}.Staging|x86.ActiveCfg = Release|x86
		{69CC7192-A7E2-4990-9C99-430B4E822DA0}.Staging|x86.Build.0 = Release|x86
		{B5E1A863-2602-4568-B5D5-74ECE7CF5955}.Connectria|Any CPU.ActiveCfg = Release|Any CPU
		{B5E1A863-2602-4568-B5D5-74ECE7CF5955}.Connectria|Any CPU.Build.0 = Release|Any CPU
		{B5E1A863-2602-4568-B5D5-74ECE7CF5955}.Connectria|x86.ActiveCfg = Release|Any CPU
		{B5E1A863-2602-4568-B5D5-74ECE7CF5955}.Connectria|x86.Build.0 = Release|Any CPU
		{B5E1A863-2602-4568-B5D5-74ECE7CF5955}.Debug|Any CPU.ActiveCfg = Debug|Any CPU
		{B5E1A863-2602-4568-B5D5-74ECE7CF5955}.Debug|Any CPU.Build.0 = Debug|Any CPU
		{B5E1A863-2602-4568-B5D5-74ECE7CF5955}.Debug|x86.ActiveCfg = Debug|Any CPU
		{B5E1A863-2602-4568-B5D5-74ECE7CF5955}.Debug|x86.Build.0 = Debug|Any CPU
		{B5E1A863-2602-4568-B5D5-74ECE7CF5955}.Release|Any CPU.ActiveCfg = Release|Any CPU
		{B5E1A863-2602-4568-B5D5-74ECE7CF5955}.Release|Any CPU.Build.0 = Release|Any CPU
		{B5E1A863-2602-4568-B5D5-74ECE7CF5955}.Release|x86.ActiveCfg = Release|Any CPU
		{B5E1A863-2602-4568-B5D5-74ECE7CF5955}.Release|x86.Build.0 = Release|Any CPU
		{B5E1A863-2602-4568-B5D5-74ECE7CF5955}.Sandbox|Any CPU.ActiveCfg = Release|Any CPU
		{B5E1A863-2602-4568-B5D5-74ECE7CF5955}.Sandbox|Any CPU.Build.0 = Release|Any CPU
		{B5E1A863-2602-4568-B5D5-74ECE7CF5955}.Sandbox|x86.ActiveCfg = Release|Any CPU
		{B5E1A863-2602-4568-B5D5-74ECE7CF5955}.Sandbox|x86.Build.0 = Release|Any CPU
		{B5E1A863-2602-4568-B5D5-74ECE7CF5955}.Staging|Any CPU.ActiveCfg = Release|Any CPU
		{B5E1A863-2602-4568-B5D5-74ECE7CF5955}.Staging|Any CPU.Build.0 = Release|Any CPU
		{B5E1A863-2602-4568-B5D5-74ECE7CF5955}.Staging|x86.ActiveCfg = Release|Any CPU
		{B5E1A863-2602-4568-B5D5-74ECE7CF5955}.Staging|x86.Build.0 = Release|Any CPU
		{45401A6E-C1B0-4304-8F00-344FB290E26A}.Connectria|Any CPU.ActiveCfg = Release|Any CPU
		{45401A6E-C1B0-4304-8F00-344FB290E26A}.Connectria|Any CPU.Build.0 = Release|Any CPU
		{45401A6E-C1B0-4304-8F00-344FB290E26A}.Connectria|x86.ActiveCfg = Release|Any CPU
		{45401A6E-C1B0-4304-8F00-344FB290E26A}.Connectria|x86.Build.0 = Release|Any CPU
		{45401A6E-C1B0-4304-8F00-344FB290E26A}.Debug|Any CPU.ActiveCfg = Debug|Any CPU
		{45401A6E-C1B0-4304-8F00-344FB290E26A}.Debug|Any CPU.Build.0 = Debug|Any CPU
		{45401A6E-C1B0-4304-8F00-344FB290E26A}.Debug|x86.ActiveCfg = Debug|Any CPU
		{45401A6E-C1B0-4304-8F00-344FB290E26A}.Debug|x86.Build.0 = Debug|Any CPU
		{45401A6E-C1B0-4304-8F00-344FB290E26A}.Release|Any CPU.ActiveCfg = Release|Any CPU
		{45401A6E-C1B0-4304-8F00-344FB290E26A}.Release|Any CPU.Build.0 = Release|Any CPU
		{45401A6E-C1B0-4304-8F00-344FB290E26A}.Release|x86.ActiveCfg = Release|Any CPU
		{45401A6E-C1B0-4304-8F00-344FB290E26A}.Release|x86.Build.0 = Release|Any CPU
		{45401A6E-C1B0-4304-8F00-344FB290E26A}.Sandbox|Any CPU.ActiveCfg = Release|Any CPU
		{45401A6E-C1B0-4304-8F00-344FB290E26A}.Sandbox|Any CPU.Build.0 = Release|Any CPU
		{45401A6E-C1B0-4304-8F00-344FB290E26A}.Sandbox|x86.ActiveCfg = Release|Any CPU
		{45401A6E-C1B0-4304-8F00-344FB290E26A}.Sandbox|x86.Build.0 = Release|Any CPU
		{45401A6E-C1B0-4304-8F00-344FB290E26A}.Staging|Any CPU.ActiveCfg = Release|Any CPU
		{45401A6E-C1B0-4304-8F00-344FB290E26A}.Staging|Any CPU.Build.0 = Release|Any CPU
		{45401A6E-C1B0-4304-8F00-344FB290E26A}.Staging|x86.ActiveCfg = Release|Any CPU
		{45401A6E-C1B0-4304-8F00-344FB290E26A}.Staging|x86.Build.0 = Release|Any CPU
		{0CB2A875-CECF-4E76-8B42-D994B329B1B2}.Connectria|Any CPU.ActiveCfg = Release|Any CPU
		{0CB2A875-CECF-4E76-8B42-D994B329B1B2}.Connectria|Any CPU.Build.0 = Release|Any CPU
		{0CB2A875-CECF-4E76-8B42-D994B329B1B2}.Connectria|x86.ActiveCfg = Release|Any CPU
		{0CB2A875-CECF-4E76-8B42-D994B329B1B2}.Connectria|x86.Build.0 = Release|Any CPU
		{0CB2A875-CECF-4E76-8B42-D994B329B1B2}.Debug|Any CPU.ActiveCfg = Debug|Any CPU
		{0CB2A875-CECF-4E76-8B42-D994B329B1B2}.Debug|Any CPU.Build.0 = Debug|Any CPU
		{0CB2A875-CECF-4E76-8B42-D994B329B1B2}.Debug|x86.ActiveCfg = Debug|Any CPU
		{0CB2A875-CECF-4E76-8B42-D994B329B1B2}.Debug|x86.Build.0 = Debug|Any CPU
		{0CB2A875-CECF-4E76-8B42-D994B329B1B2}.Release|Any CPU.ActiveCfg = Release|Any CPU
		{0CB2A875-CECF-4E76-8B42-D994B329B1B2}.Release|Any CPU.Build.0 = Release|Any CPU
		{0CB2A875-CECF-4E76-8B42-D994B329B1B2}.Release|x86.ActiveCfg = Release|Any CPU
		{0CB2A875-CECF-4E76-8B42-D994B329B1B2}.Release|x86.Build.0 = Release|Any CPU
		{0CB2A875-CECF-4E76-8B42-D994B329B1B2}.Sandbox|Any CPU.ActiveCfg = Release|Any CPU
		{0CB2A875-CECF-4E76-8B42-D994B329B1B2}.Sandbox|Any CPU.Build.0 = Release|Any CPU
		{0CB2A875-CECF-4E76-8B42-D994B329B1B2}.Sandbox|x86.ActiveCfg = Release|Any CPU
		{0CB2A875-CECF-4E76-8B42-D994B329B1B2}.Sandbox|x86.Build.0 = Release|Any CPU
		{0CB2A875-CECF-4E76-8B42-D994B329B1B2}.Staging|Any CPU.ActiveCfg = Release|Any CPU
		{0CB2A875-CECF-4E76-8B42-D994B329B1B2}.Staging|Any CPU.Build.0 = Release|Any CPU
		{0CB2A875-CECF-4E76-8B42-D994B329B1B2}.Staging|x86.ActiveCfg = Release|Any CPU
		{0CB2A875-CECF-4E76-8B42-D994B329B1B2}.Staging|x86.Build.0 = Release|Any CPU
		{EA09B785-E058-45FF-A4FC-17015FF14591}.Connectria|Any CPU.ActiveCfg = Release|Any CPU
		{EA09B785-E058-45FF-A4FC-17015FF14591}.Connectria|Any CPU.Build.0 = Release|Any CPU
		{EA09B785-E058-45FF-A4FC-17015FF14591}.Connectria|x86.ActiveCfg = Release|Any CPU
		{EA09B785-E058-45FF-A4FC-17015FF14591}.Connectria|x86.Build.0 = Release|Any CPU
		{EA09B785-E058-45FF-A4FC-17015FF14591}.Debug|Any CPU.ActiveCfg = Debug|Any CPU
		{EA09B785-E058-45FF-A4FC-17015FF14591}.Debug|Any CPU.Build.0 = Debug|Any CPU
		{EA09B785-E058-45FF-A4FC-17015FF14591}.Debug|x86.ActiveCfg = Debug|Any CPU
		{EA09B785-E058-45FF-A4FC-17015FF14591}.Debug|x86.Build.0 = Debug|Any CPU
		{EA09B785-E058-45FF-A4FC-17015FF14591}.Release|Any CPU.ActiveCfg = Release|Any CPU
		{EA09B785-E058-45FF-A4FC-17015FF14591}.Release|Any CPU.Build.0 = Release|Any CPU
		{EA09B785-E058-45FF-A4FC-17015FF14591}.Release|x86.ActiveCfg = Release|Any CPU
		{EA09B785-E058-45FF-A4FC-17015FF14591}.Release|x86.Build.0 = Release|Any CPU
		{EA09B785-E058-45FF-A4FC-17015FF14591}.Sandbox|Any CPU.ActiveCfg = Release|Any CPU
		{EA09B785-E058-45FF-A4FC-17015FF14591}.Sandbox|Any CPU.Build.0 = Release|Any CPU
		{EA09B785-E058-45FF-A4FC-17015FF14591}.Sandbox|x86.ActiveCfg = Release|Any CPU
		{EA09B785-E058-45FF-A4FC-17015FF14591}.Sandbox|x86.Build.0 = Release|Any CPU
		{EA09B785-E058-45FF-A4FC-17015FF14591}.Staging|Any CPU.ActiveCfg = Release|Any CPU
		{EA09B785-E058-45FF-A4FC-17015FF14591}.Staging|Any CPU.Build.0 = Release|Any CPU
		{EA09B785-E058-45FF-A4FC-17015FF14591}.Staging|x86.ActiveCfg = Release|Any CPU
		{EA09B785-E058-45FF-A4FC-17015FF14591}.Staging|x86.Build.0 = Release|Any CPU
	EndGlobalSection
	GlobalSection(SolutionProperties) = preSolution
		HideSolutionNode = FALSE
	EndGlobalSection
	GlobalSection(ExtensibilityGlobals) = postSolution
		SolutionGuid = {8DAB6973-12EE-493E-AE44-B9462855084B}
	EndGlobalSection
EndGlobal
